
Microsoft Visual Studio Solution File, Format Version 12.00
# Visual Studio 15
VisualStudioVersion = 15.0.28307.438
MinimumVisualStudioVersion = 10.0.40219.1
Project("{FAE04EC0-301F-11D3-BF4B-00C04F79EFBC}") = "Model", "Model\Model.csproj", "{FE4DFD77-86C4-4919-94E0-6DF7EE74AC64}"
EndProject
Project("{FAE04EC0-301F-11D3-BF4B-00C04F79EFBC}") = "UnitTests", "UnitTests\UnitTests.csproj", "{B7B67358-FD3C-494F-A67D-8F9BA3D89BA6}"
EndProject
Global
	GlobalSection(SolutionConfigurationPlatforms) = preSolution
		Debug|Any CPU = Debug|Any CPU
		Release|Any CPU = Release|Any CPU
	EndGlobalSection
	GlobalSection(ProjectConfigurationPlatforms) = postSolution
		{FE4DFD77-86C4-4919-94E0-6DF7EE74AC64}.Debug|Any CPU.ActiveCfg = Debug|Any CPU
		{FE4DFD77-86C4-4919-94E0-6DF7EE74AC64}.Debug|Any CPU.Build.0 = Debug|Any CPU
		{FE4DFD77-86C4-4919-94E0-6DF7EE74AC64}.Release|Any CPU.ActiveCfg = Release|Any CPU
		{FE4DFD77-86C4-4919-94E0-6DF7EE74AC64}.Release|Any CPU.Build.0 = Release|Any CPU
		{B7B67358-FD3C-494F-A67D-8F9BA3D89BA6}.Debug|Any CPU.ActiveCfg = Debug|Any CPU
		{B7B67358-FD3C-494F-A67D-8F9BA3D89BA6}.Debug|Any CPU.Build.0 = Debug|Any CPU
		{B7B67358-FD3C-494F-A67D-8F9BA3D89BA6}.Release|Any CPU.ActiveCfg = Release|Any CPU
		{B7B67358-FD3C-494F-A67D-8F9BA3D89BA6}.Release|Any CPU.Build.0 = Release|Any CPU
	EndGlobalSection
	GlobalSection(SolutionProperties) = preSolution
		HideSolutionNode = FALSE
	EndGlobalSection
	GlobalSection(ExtensibilityGlobals) = postSolution
		SolutionGuid = {CBC8A461-7B8D-4B9B-8322-EC8F4417E7D4}
	EndGlobalSection
EndGlobal
