
Microsoft Visual Studio Solution File, Format Version 12.00
# Visual Studio 15
VisualStudioVersion = 15.0.28307.438
MinimumVisualStudioVersion = 10.0.40219.1
Project("{FAE04EC0-301F-11D3-BF4B-00C04F79EFBC}") = "UnitTest", "UnitTest\UnitTest.csproj", "{C092A2F1-5C93-43DD-9F5B-AE119C5231C9}"
EndProject
Project("{FAE04EC0-301F-11D3-BF4B-00C04F79EFBC}") = "Model", "Model\Model.csproj", "{23D33B19-1C58-4C77-8EC7-BE7852B7C172}"
EndProject
Global
	GlobalSection(SolutionConfigurationPlatforms) = preSolution
		Debug|Any CPU = Debug|Any CPU
		Release|Any CPU = Release|Any CPU
	EndGlobalSection
	GlobalSection(ProjectConfigurationPlatforms) = postSolution
		{C092A2F1-5C93-43DD-9F5B-AE119C5231C9}.Debug|Any CPU.ActiveCfg = Debug|Any CPU
		{C092A2F1-5C93-43DD-9F5B-AE119C5231C9}.Debug|Any CPU.Build.0 = Debug|Any CPU
		{C092A2F1-5C93-43DD-9F5B-AE119C5231C9}.Release|Any CPU.ActiveCfg = Release|Any CPU
		{C092A2F1-5C93-43DD-9F5B-AE119C5231C9}.Release|Any CPU.Build.0 = Release|Any CPU
		{23D33B19-1C58-4C77-8EC7-BE7852B7C172}.Debug|Any CPU.ActiveCfg = Debug|Any CPU
		{23D33B19-1C58-4C77-8EC7-BE7852B7C172}.Debug|Any CPU.Build.0 = Debug|Any CPU
		{23D33B19-1C58-4C77-8EC7-BE7852B7C172}.Release|Any CPU.ActiveCfg = Release|Any CPU
		{23D33B19-1C58-4C77-8EC7-BE7852B7C172}.Release|Any CPU.Build.0 = Release|Any CPU
	EndGlobalSection
	GlobalSection(SolutionProperties) = preSolution
		HideSolutionNode = FALSE
	EndGlobalSection
	GlobalSection(ExtensibilityGlobals) = postSolution
		SolutionGuid = {CBC8A461-7B8D-4B9B-8322-EC8F4417E7D4}
	EndGlobalSection
EndGlobal
